
Microsoft Visual Studio Solution File, Format Version 12.00
# Visual Studio Version 17
VisualStudioVersion = 17.0.31903.59
MinimumVisualStudioVersion = 10.0.40219.1
Project("{FAE04EC0-301F-11D3-BF4B-00C04F79EFBC}") = "Audiora", "Audiora.csproj", "{ACF2F5C1-7C6D-410B-8B76-4E7307AC6B07}"
EndProject
Project("{FAE04EC0-301F-11D3-BF4B-00C04F79EFBC}") = "AudioraTests", "AudioraTests\AudioraTests.csproj", "{FC69743C-06EF-4718-87ED-CDB8D7A6CA41}"
EndProject
Global
	GlobalSection(SolutionConfigurationPlatforms) = preSolution
		Debug|Any CPU = Debug|Any CPU
		Release|Any CPU = Release|Any CPU
	EndGlobalSection
	GlobalSection(SolutionProperties) = preSolution
		HideSolutionNode = FALSE
	EndGlobalSection
	GlobalSection(ProjectConfigurationPlatforms) = postSolution
		{ACF2F5C1-7C6D-410B-8B76-4E7307AC6B07}.Debug|Any CPU.ActiveCfg = Debug|Any CPU
		{ACF2F5C1-7C6D-410B-8B76-4E7307AC6B07}.Debug|Any CPU.Build.0 = Debug|Any CPU
		{ACF2F5C1-7C6D-410B-8B76-4E7307AC6B07}.Release|Any CPU.ActiveCfg = Release|Any CPU
		{ACF2F5C1-7C6D-410B-8B76-4E7307AC6B07}.Release|Any CPU.Build.0 = Release|Any CPU
		{FC69743C-06EF-4718-87ED-CDB8D7A6CA41}.Debug|Any CPU.ActiveCfg = Debug|Any CPU
		{FC69743C-06EF-4718-87ED-CDB8D7A6CA41}.Debug|Any CPU.Build.0 = Debug|Any CPU
		{FC69743C-06EF-4718-87ED-CDB8D7A6CA41}.Release|Any CPU.ActiveCfg = Release|Any CPU
		{FC69743C-06EF-4718-87ED-CDB8D7A6CA41}.Release|Any CPU.Build.0 = Release|Any CPU
	EndGlobalSection
EndGlobal
